
Microsoft Visual Studio Solution File, Format Version 12.00
# Visual Studio Version 16
VisualStudioVersion = 16.0.31229.75
MinimumVisualStudioVersion = 10.0.40219.1
Project("{2150E333-8FDC-42A3-9474-1A3956D46DE8}") = "Solution Items", "Solution Items", "{769F0EBA-1393-47E1-983E-5BA6C36B1321}"
	ProjectSection(SolutionItems) = preProject
		..\.editorconfig = ..\.editorconfig
	EndProjectSection
EndProject
Project("{E53339B2-1760-4266-BCC7-CA923CBCF16C}") = "docker-compose", "docker-compose.dcproj", "{414DBBB3-3DC4-4CBB-8EEB-AA0066917190}"
EndProject
Project("{2150E333-8FDC-42A3-9474-1A3956D46DE8}") = "ApiGateways", "ApiGateways", "{6F14CB56-A6E8-464B-9610-FF29B298BB4B}"
EndProject
Project("{2150E333-8FDC-42A3-9474-1A3956D46DE8}") = "Envoy", "Envoy", "{BB8A1B68-F6D1-4DC0-B395-084A075A0AB6}"
	ProjectSection(SolutionItems) = preProject
		src\ApiGateways\Envoy\envoy.yaml = src\ApiGateways\Envoy\envoy.yaml
	EndProjectSection
EndProject
Project("{2150E333-8FDC-42A3-9474-1A3956D46DE8}") = "Services", "Services", "{46D3B520-599D-4713-9BD0-E5D264B9428F}"
EndProject
Project("{9A19103F-16F7-4668-BE54-9A1E7A4F7556}") = "Catalog-Api", "src\Services\Catalog-Api\Catalog-Api.csproj", "{B62E0FC8-97D8-4BD0-A74D-46A20D3DF930}"
EndProject
Project("{2150E333-8FDC-42A3-9474-1A3956D46DE8}") = "dapr", "dapr", "{EF1F8090-6E2E-4637-B192-4EEFE06D5F7A}"
	ProjectSection(SolutionItems) = preProject
		dapr\configuration\config.yaml = dapr\configuration\config.yaml
	EndProjectSection
EndProject
Project("{2150E333-8FDC-42A3-9474-1A3956D46DE8}") = "components", "components", "{987CF885-9F43-4372-8522-FCE504CF1ED3}"
	ProjectSection(SolutionItems) = preProject
		dapr\components\rabbit.pubsub.yaml = dapr\components\rabbit.pubsub.yaml
	EndProjectSection
EndProject
Project("{2150E333-8FDC-42A3-9474-1A3956D46DE8}") = "configuration", "configuration", "{440A66D9-A0C4-4439-ACD9-CE27B2F312C6}"
	ProjectSection(SolutionItems) = preProject
		dapr\configuration\config.yaml = dapr\configuration\config.yaml
	EndProjectSection
EndProject
Project("{9A19103F-16F7-4668-BE54-9A1E7A4F7556}") = "Services.Shared", "src\Shared\Services.Shared\Services.Shared.csproj", "{08DA2B1E-A0B4-42E8-BC4C-B44C67328342}"
EndProject
Project("{2150E333-8FDC-42A3-9474-1A3956D46DE8}") = "Frontend", "Frontend", "{709F6C1C-BF2B-4A46-8AD7-0E956F9389B3}"
EndProject
Project("{2150E333-8FDC-42A3-9474-1A3956D46DE8}") = "dapr-frontend-sample", "dapr-frontend-sample", "{1EBCAB00-FE78-41B3-AEA8-662220DC83A6}"
	ProjectSection(SolutionItems) = preProject
		src\Frontend\dapr-frontend-sample\Dockerfile = src\Frontend\dapr-frontend-sample\Dockerfile
	EndProjectSection
EndProject
Global
	GlobalSection(SolutionConfigurationPlatforms) = preSolution
		Debug|Any CPU = Debug|Any CPU
		Release|Any CPU = Release|Any CPU
	EndGlobalSection
	GlobalSection(ProjectConfigurationPlatforms) = postSolution
		{414DBBB3-3DC4-4CBB-8EEB-AA0066917190}.Debug|Any CPU.ActiveCfg = Debug|Any CPU
		{414DBBB3-3DC4-4CBB-8EEB-AA0066917190}.Debug|Any CPU.Build.0 = Debug|Any CPU
		{414DBBB3-3DC4-4CBB-8EEB-AA0066917190}.Release|Any CPU.ActiveCfg = Release|Any CPU
		{414DBBB3-3DC4-4CBB-8EEB-AA0066917190}.Release|Any CPU.Build.0 = Release|Any CPU
		{B62E0FC8-97D8-4BD0-A74D-46A20D3DF930}.Debug|Any CPU.ActiveCfg = Debug|Any CPU
		{B62E0FC8-97D8-4BD0-A74D-46A20D3DF930}.Debug|Any CPU.Build.0 = Debug|Any CPU
		{B62E0FC8-97D8-4BD0-A74D-46A20D3DF930}.Release|Any CPU.ActiveCfg = Release|Any CPU
		{B62E0FC8-97D8-4BD0-A74D-46A20D3DF930}.Release|Any CPU.Build.0 = Release|Any CPU
		{08DA2B1E-A0B4-42E8-BC4C-B44C67328342}.Debug|Any CPU.ActiveCfg = Debug|Any CPU
		{08DA2B1E-A0B4-42E8-BC4C-B44C67328342}.Debug|Any CPU.Build.0 = Debug|Any CPU
		{08DA2B1E-A0B4-42E8-BC4C-B44C67328342}.Release|Any CPU.ActiveCfg = Release|Any CPU
		{08DA2B1E-A0B4-42E8-BC4C-B44C67328342}.Release|Any CPU.Build.0 = Release|Any CPU
	EndGlobalSection
	GlobalSection(SolutionProperties) = preSolution
		HideSolutionNode = FALSE
	EndGlobalSection
	GlobalSection(NestedProjects) = preSolution
		{BB8A1B68-F6D1-4DC0-B395-084A075A0AB6} = {6F14CB56-A6E8-464B-9610-FF29B298BB4B}
		{B62E0FC8-97D8-4BD0-A74D-46A20D3DF930} = {46D3B520-599D-4713-9BD0-E5D264B9428F}
		{987CF885-9F43-4372-8522-FCE504CF1ED3} = {EF1F8090-6E2E-4637-B192-4EEFE06D5F7A}
		{440A66D9-A0C4-4439-ACD9-CE27B2F312C6} = {EF1F8090-6E2E-4637-B192-4EEFE06D5F7A}
		{08DA2B1E-A0B4-42E8-BC4C-B44C67328342} = {46D3B520-599D-4713-9BD0-E5D264B9428F}
		{1EBCAB00-FE78-41B3-AEA8-662220DC83A6} = {709F6C1C-BF2B-4A46-8AD7-0E956F9389B3}
	EndGlobalSection
	GlobalSection(ExtensibilityGlobals) = postSolution
		SolutionGuid = {55D23C17-D06F-4C5B-902B-6FBEC883CEAB}
	EndGlobalSection
EndGlobal
